
Microsoft Visual Studio Solution File, Format Version 12.00
# Visual Studio Version 17
VisualStudioVersion = 17.12.35707.178
MinimumVisualStudioVersion = 10.0.40219.1
Project("{FAE04EC0-301F-11D3-BF4B-00C04F79EFBC}") = "DoctorTime.API", "DoctorTime.API\DoctorTime.API.csproj", "{74AA4B37-4A09-41AA-8826-2761702858C2}"
EndProject
Project("{FAE04EC0-301F-11D3-BF4B-00C04F79EFBC}") = "DrTime.Test", "DrTime.Test\DrTime.Test.csproj", "{E90E8017-BBA7-4D78-B61B-0A48FEA6D79D}"
EndProject
Global
	GlobalSection(SolutionConfigurationPlatforms) = preSolution
		Debug|Any CPU = Debug|Any CPU
		Release|Any CPU = Release|Any CPU
	EndGlobalSection
	GlobalSection(ProjectConfigurationPlatforms) = postSolution
		{74AA4B37-4A09-41AA-8826-2761702858C2}.Debug|Any CPU.ActiveCfg = Debug|Any CPU
		{74AA4B37-4A09-41AA-8826-2761702858C2}.Debug|Any CPU.Build.0 = Debug|Any CPU
		{74AA4B37-4A09-41AA-8826-2761702858C2}.Release|Any CPU.ActiveCfg = Release|Any CPU
		{74AA4B37-4A09-41AA-8826-2761702858C2}.Release|Any CPU.Build.0 = Release|Any CPU
		{E90E8017-BBA7-4D78-B61B-0A48FEA6D79D}.Debug|Any CPU.ActiveCfg = Debug|Any CPU
		{E90E8017-BBA7-4D78-B61B-0A48FEA6D79D}.Debug|Any CPU.Build.0 = Debug|Any CPU
		{E90E8017-BBA7-4D78-B61B-0A48FEA6D79D}.Release|Any CPU.ActiveCfg = Release|Any CPU
		{E90E8017-BBA7-4D78-B61B-0A48FEA6D79D}.Release|Any CPU.Build.0 = Release|Any CPU
	EndGlobalSection
	GlobalSection(SolutionProperties) = preSolution
		HideSolutionNode = FALSE
	EndGlobalSection
EndGlobal
